
Microsoft Visual Studio Solution File, Format Version 12.00
# Visual Studio Version 17
VisualStudioVersion = 17.8.34511.84
MinimumVisualStudioVersion = 10.0.40219.1
Project("{FAE04EC0-301F-11D3-BF4B-00C04F79EFBC}") = "Warehouse sim", "Warehouse sim\Warehouse sim.csproj", "{D9E29F9C-EB1C-407B-BB27-231541F85D0A}"
EndProject
Project("{9A19103F-16F7-4668-BE54-9A1E7A4F7556}") = "Waresimtemp", "..\Waresimtemp\Waresimtemp\Waresimtemp.csproj", "{0CF93FC5-E0C7-486E-BF38-428D93F81F07}"
EndProject
Global
	GlobalSection(SolutionConfigurationPlatforms) = preSolution
		Debug|Any CPU = Debug|Any CPU
		Release|Any CPU = Release|Any CPU
	EndGlobalSection
	GlobalSection(ProjectConfigurationPlatforms) = postSolution
		{D9E29F9C-EB1C-407B-BB27-231541F85D0A}.Debug|Any CPU.ActiveCfg = Debug|Any CPU
		{D9E29F9C-EB1C-407B-BB27-231541F85D0A}.Debug|Any CPU.Build.0 = Debug|Any CPU
		{D9E29F9C-EB1C-407B-BB27-231541F85D0A}.Release|Any CPU.ActiveCfg = Release|Any CPU
		{D9E29F9C-EB1C-407B-BB27-231541F85D0A}.Release|Any CPU.Build.0 = Release|Any CPU
		{0CF93FC5-E0C7-486E-BF38-428D93F81F07}.Debug|Any CPU.ActiveCfg = Debug|Any CPU
		{0CF93FC5-E0C7-486E-BF38-428D93F81F07}.Debug|Any CPU.Build.0 = Debug|Any CPU
		{0CF93FC5-E0C7-486E-BF38-428D93F81F07}.Release|Any CPU.ActiveCfg = Release|Any CPU
		{0CF93FC5-E0C7-486E-BF38-428D93F81F07}.Release|Any CPU.Build.0 = Release|Any CPU
	EndGlobalSection
	GlobalSection(SolutionProperties) = preSolution
		HideSolutionNode = FALSE
	EndGlobalSection
	GlobalSection(ExtensibilityGlobals) = postSolution
		SolutionGuid = {E1AC4258-39DE-4C31-92BC-958E0BCA0F19}
	EndGlobalSection
EndGlobal
